
Microsoft Visual Studio Solution File, Format Version 12.00
# Visual Studio Version 17
VisualStudioVersion = 17.3.32922.545
MinimumVisualStudioVersion = 10.0.40219.1
Project("{FAE04EC0-301F-11D3-BF4B-00C04F79EFBC}") = "Shopwise", "Shopwise\Shopwise.csproj", "{325CD62F-4742-4209-A33F-F4DA932D3455}"
EndProject
Global
	GlobalSection(SolutionConfigurationPlatforms) = preSolution
		Debug|Any CPU = Debug|Any CPU
		Release|Any CPU = Release|Any CPU
	EndGlobalSection
	GlobalSection(ProjectConfigurationPlatforms) = postSolution
		{325CD62F-4742-4209-A33F-F4DA932D3455}.Debug|Any CPU.ActiveCfg = Debug|Any CPU
		{325CD62F-4742-4209-A33F-F4DA932D3455}.Debug|Any CPU.Build.0 = Debug|Any CPU
		{325CD62F-4742-4209-A33F-F4DA932D3455}.Release|Any CPU.ActiveCfg = Release|Any CPU
		{325CD62F-4742-4209-A33F-F4DA932D3455}.Release|Any CPU.Build.0 = Release|Any CPU
	EndGlobalSection
	GlobalSection(SolutionProperties) = preSolution
		HideSolutionNode = FALSE
	EndGlobalSection
	GlobalSection(ExtensibilityGlobals) = postSolution
		SolutionGuid = {B0CEEB2D-C877-4A20-B8BC-2EECA8563C0D}
	EndGlobalSection
EndGlobal
